
Microsoft Visual Studio Solution File, Format Version 12.00
# Visual Studio 15
VisualStudioVersion = 15.0.27130.2036
MinimumVisualStudioVersion = 10.0.40219.1
Project("{FAE04EC0-301F-11D3-BF4B-00C04F79EFBC}") = "JenkinsTest2", "JenkinsTest2\JenkinsTest2.csproj", "{309F4843-D350-4364-A991-06DD27DC9F2F}"
EndProject
Project("{FAE04EC0-301F-11D3-BF4B-00C04F79EFBC}") = "JenkinsTestTest", "JenkinsTestTest\JenkinsTestTest.csproj", "{9BEE7933-8D47-4626-B618-4A5FF16427CC}"
EndProject
Global
	GlobalSection(SolutionConfigurationPlatforms) = preSolution
		Debug|Any CPU = Debug|Any CPU
		Release|Any CPU = Release|Any CPU
	EndGlobalSection
	GlobalSection(ProjectConfigurationPlatforms) = postSolution
		{309F4843-D350-4364-A991-06DD27DC9F2F}.Debug|Any CPU.ActiveCfg = Debug|Any CPU
		{309F4843-D350-4364-A991-06DD27DC9F2F}.Debug|Any CPU.Build.0 = Debug|Any CPU
		{309F4843-D350-4364-A991-06DD27DC9F2F}.Release|Any CPU.ActiveCfg = Release|Any CPU
		{309F4843-D350-4364-A991-06DD27DC9F2F}.Release|Any CPU.Build.0 = Release|Any CPU
		{9BEE7933-8D47-4626-B618-4A5FF16427CC}.Debug|Any CPU.ActiveCfg = Debug|Any CPU
		{9BEE7933-8D47-4626-B618-4A5FF16427CC}.Debug|Any CPU.Build.0 = Debug|Any CPU
		{9BEE7933-8D47-4626-B618-4A5FF16427CC}.Release|Any CPU.ActiveCfg = Release|Any CPU
		{9BEE7933-8D47-4626-B618-4A5FF16427CC}.Release|Any CPU.Build.0 = Release|Any CPU
	EndGlobalSection
	GlobalSection(SolutionProperties) = preSolution
		HideSolutionNode = FALSE
	EndGlobalSection
	GlobalSection(ExtensibilityGlobals) = postSolution
		SolutionGuid = {1CAF44DA-72AF-4057-A0CC-22267CFA245A}
	EndGlobalSection
EndGlobal
